// !$*UTF8*$!
{
	archiveVersion = 1;
	classes = {
	};
	objectVersion = 56;
	objects = {

/* Begin PBXBuildFile section */
		85867E4A298E50E300AAC900 /* TouchdownApp.swift in Sources */ = {isa = PBXBuildFile; fileRef = 85867E49298E50E300AAC900 /* TouchdownApp.swift */; };
		85867E4C298E50E300AAC900 /* ContentView.swift in Sources */ = {isa = PBXBuildFile; fileRef = 85867E4B298E50E300AAC900 /* ContentView.swift */; };
		85867E4E298E50E400AAC900 /* Assets.xcassets in Resources */ = {isa = PBXBuildFile; fileRef = 85867E4D298E50E400AAC900 /* Assets.xcassets */; };
		85867E51298E50E400AAC900 /* Preview Assets.xcassets in Resources */ = {isa = PBXBuildFile; fileRef = 85867E50298E50E400AAC900 /* Preview Assets.xcassets */; };
		85867E5B298E50E400AAC900 /* TouchdownTests.swift in Sources */ = {isa = PBXBuildFile; fileRef = 85867E5A298E50E400AAC900 /* TouchdownTests.swift */; };
		85867E65298E50E400AAC900 /* TouchdownUITests.swift in Sources */ = {isa = PBXBuildFile; fileRef = 85867E64298E50E400AAC900 /* TouchdownUITests.swift */; };
		85867E67298E50E400AAC900 /* TouchdownUITestsLaunchTests.swift in Sources */ = {isa = PBXBuildFile; fileRef = 85867E66298E50E400AAC900 /* TouchdownUITestsLaunchTests.swift */; };
		85867E77298E572700AAC900 /* category.json in Resources */ = {isa = PBXBuildFile; fileRef = 85867E73298E572700AAC900 /* category.json */; };
		85867E78298E572700AAC900 /* player.json in Resources */ = {isa = PBXBuildFile; fileRef = 85867E74298E572700AAC900 /* player.json */; };
		85867E79298E572700AAC900 /* product.json in Resources */ = {isa = PBXBuildFile; fileRef = 85867E75298E572700AAC900 /* product.json */; };
		85867E7A298E572700AAC900 /* brand.json in Resources */ = {isa = PBXBuildFile; fileRef = 85867E76298E572700AAC900 /* brand.json */; };
		85867E86298E591500AAC900 /* Constant.swift in Sources */ = {isa = PBXBuildFile; fileRef = 85867E85298E591500AAC900 /* Constant.swift */; };
		85867E88298E5A1400AAC900 /* FooterView.swift in Sources */ = {isa = PBXBuildFile; fileRef = 85867E87298E5A1400AAC900 /* FooterView.swift */; };
		85867E8A298E5D4A00AAC900 /* NavigationBarView.swift in Sources */ = {isa = PBXBuildFile; fileRef = 85867E89298E5D4A00AAC900 /* NavigationBarView.swift */; };
		85867E8D298E5E9100AAC900 /* LogoView.swift in Sources */ = {isa = PBXBuildFile; fileRef = 85867E8C298E5E9100AAC900 /* LogoView.swift */; };
		85ED2455298EAAD0002A25E6 /* PlayerModel.swift in Sources */ = {isa = PBXBuildFile; fileRef = 85ED2454298EAAD0002A25E6 /* PlayerModel.swift */; };
		85ED2457298EAB17002A25E6 /* CodableBundleExtension.swift in Sources */ = {isa = PBXBuildFile; fileRef = 85ED2456298EAB17002A25E6 /* CodableBundleExtension.swift */; };
		85ED2459298EAD67002A25E6 /* FeaturedItemView.swift in Sources */ = {isa = PBXBuildFile; fileRef = 85ED2458298EAD67002A25E6 /* FeaturedItemView.swift */; };
		85ED245B298EAE16002A25E6 /* FeaturedTabView.swift in Sources */ = {isa = PBXBuildFile; fileRef = 85ED245A298EAE16002A25E6 /* FeaturedTabView.swift */; };
/* End PBXBuildFile section */

/* Begin PBXContainerItemProxy section */
		85867E57298E50E400AAC900 /* PBXContainerItemProxy */ = {
			isa = PBXContainerItemProxy;
			containerPortal = 85867E3E298E50E300AAC900 /* Project object */;
			proxyType = 1;
			remoteGlobalIDString = 85867E45298E50E300AAC900;
			remoteInfo = Touchdown;
		};
		85867E61298E50E400AAC900 /* PBXContainerItemProxy */ = {
			isa = PBXContainerItemProxy;
			containerPortal = 85867E3E298E50E300AAC900 /* Project object */;
			proxyType = 1;
			remoteGlobalIDString = 85867E45298E50E300AAC900;
			remoteInfo = Touchdown;
		};
/* End PBXContainerItemProxy section */

/* Begin PBXFileReference section */
		85867E46298E50E300AAC900 /* Touchdown.app */ = {isa = PBXFileReference; explicitFileType = wrapper.application; includeInIndex = 0; path = Touchdown.app; sourceTree = BUILT_PRODUCTS_DIR; };
		85867E49298E50E300AAC900 /* TouchdownApp.swift */ = {isa = PBXFileReference; lastKnownFileType = sourcecode.swift; path = TouchdownApp.swift; sourceTree = "<group>"; };
		85867E4B298E50E300AAC900 /* ContentView.swift */ = {isa = PBXFileReference; lastKnownFileType = sourcecode.swift; path = ContentView.swift; sourceTree = "<group>"; };
		85867E4D298E50E400AAC900 /* Assets.xcassets */ = {isa = PBXFileReference; lastKnownFileType = folder.assetcatalog; path = Assets.xcassets; sourceTree = "<group>"; };
		85867E50298E50E400AAC900 /* Preview Assets.xcassets */ = {isa = PBXFileReference; lastKnownFileType = folder.assetcatalog; path = "Preview Assets.xcassets"; sourceTree = "<group>"; };
		85867E56298E50E400AAC900 /* TouchdownTests.xctest */ = {isa = PBXFileReference; explicitFileType = wrapper.cfbundle; includeInIndex = 0; path = TouchdownTests.xctest; sourceTree = BUILT_PRODUCTS_DIR; };
		85867E5A298E50E400AAC900 /* TouchdownTests.swift */ = {isa = PBXFileReference; lastKnownFileType = sourcecode.swift; path = TouchdownTests.swift; sourceTree = "<group>"; };
		85867E60298E50E400AAC900 /* TouchdownUITests.xctest */ = {isa = PBXFileReference; explicitFileType = wrapper.cfbundle; includeInIndex = 0; path = TouchdownUITests.xctest; sourceTree = BUILT_PRODUCTS_DIR; };
		85867E64298E50E400AAC900 /* TouchdownUITests.swift */ = {isa = PBXFileReference; lastKnownFileType = sourcecode.swift; path = TouchdownUITests.swift; sourceTree = "<group>"; };
		85867E66298E50E400AAC900 /* TouchdownUITestsLaunchTests.swift */ = {isa = PBXFileReference; lastKnownFileType = sourcecode.swift; path = TouchdownUITestsLaunchTests.swift; sourceTree = "<group>"; };
		85867E73298E572700AAC900 /* category.json */ = {isa = PBXFileReference; fileEncoding = 4; lastKnownFileType = text.json; name = category.json; path = Touchdown/Data/category.json; sourceTree = SOURCE_ROOT; };
		85867E74298E572700AAC900 /* player.json */ = {isa = PBXFileReference; fileEncoding = 4; lastKnownFileType = text.json; name = player.json; path = Touchdown/Data/player.json; sourceTree = SOURCE_ROOT; };
		85867E75298E572700AAC900 /* product.json */ = {isa = PBXFileReference; fileEncoding = 4; lastKnownFileType = text.json; name = product.json; path = Touchdown/Data/product.json; sourceTree = SOURCE_ROOT; };
		85867E76298E572700AAC900 /* brand.json */ = {isa = PBXFileReference; fileEncoding = 4; lastKnownFileType = text.json; name = brand.json; path = Touchdown/Data/brand.json; sourceTree = SOURCE_ROOT; };
		85867E7C298E57BF00AAC900 /* Info.plist */ = {isa = PBXFileReference; lastKnownFileType = text.plist; path = Info.plist; sourceTree = "<group>"; };
		85867E85298E591500AAC900 /* Constant.swift */ = {isa = PBXFileReference; lastKnownFileType = sourcecode.swift; path = Constant.swift; sourceTree = "<group>"; };
		85867E87298E5A1400AAC900 /* FooterView.swift */ = {isa = PBXFileReference; lastKnownFileType = sourcecode.swift; path = FooterView.swift; sourceTree = "<group>"; };
		85867E89298E5D4A00AAC900 /* NavigationBarView.swift */ = {isa = PBXFileReference; lastKnownFileType = sourcecode.swift; path = NavigationBarView.swift; sourceTree = "<group>"; };
		85867E8C298E5E9100AAC900 /* LogoView.swift */ = {isa = PBXFileReference; lastKnownFileType = sourcecode.swift; path = LogoView.swift; sourceTree = "<group>"; };
		85ED2454298EAAD0002A25E6 /* PlayerModel.swift */ = {isa = PBXFileReference; lastKnownFileType = sourcecode.swift; path = PlayerModel.swift; sourceTree = "<group>"; };
		85ED2456298EAB17002A25E6 /* CodableBundleExtension.swift */ = {isa = PBXFileReference; lastKnownFileType = sourcecode.swift; path = CodableBundleExtension.swift; sourceTree = "<group>"; };
		85ED2458298EAD67002A25E6 /* FeaturedItemView.swift */ = {isa = PBXFileReference; lastKnownFileType = sourcecode.swift; path = FeaturedItemView.swift; sourceTree = "<group>"; };
		85ED245A298EAE16002A25E6 /* FeaturedTabView.swift */ = {isa = PBXFileReference; lastKnownFileType = sourcecode.swift; path = FeaturedTabView.swift; sourceTree = "<group>"; };
/* End PBXFileReference section */

/* Begin PBXFrameworksBuildPhase section */
		85867E43298E50E300AAC900 /* Frameworks */ = {
			isa = PBXFrameworksBuildPhase;
			buildActionMask = 2147483647;
			files = (
			);
			runOnlyForDeploymentPostprocessing = 0;
		};
		85867E53298E50E400AAC900 /* Frameworks */ = {
			isa = PBXFrameworksBuildPhase;
			buildActionMask = 2147483647;
			files = (
			);
			runOnlyForDeploymentPostprocessing = 0;
		};
		85867E5D298E50E400AAC900 /* Frameworks */ = {
			isa = PBXFrameworksBuildPhase;
			buildActionMask = 2147483647;
			files = (
			);
			runOnlyForDeploymentPostprocessing = 0;
		};
/* End PBXFrameworksBuildPhase section */

/* Begin PBXGroup section */
		85867E3D298E50E300AAC900 = {
			isa = PBXGroup;
			children = (
				85867E48298E50E300AAC900 /* Touchdown */,
				85867E59298E50E400AAC900 /* TouchdownTests */,
				85867E63298E50E400AAC900 /* TouchdownUITests */,
				85867E47298E50E300AAC900 /* Products */,
			);
			sourceTree = "<group>";
		};
		85867E47298E50E300AAC900 /* Products */ = {
			isa = PBXGroup;
			children = (
				85867E46298E50E300AAC900 /* Touchdown.app */,
				85867E56298E50E400AAC900 /* TouchdownTests.xctest */,
				85867E60298E50E400AAC900 /* TouchdownUITests.xctest */,
			);
			name = Products;
			sourceTree = "<group>";
		};
		85867E48298E50E300AAC900 /* Touchdown */ = {
			isa = PBXGroup;
			children = (
				85867E7C298E57BF00AAC900 /* Info.plist */,
				85867E7E298E588E00AAC900 /* App */,
				85867E7F298E589F00AAC900 /* View */,
				85867E82298E58C800AAC900 /* Model */,
				85867E83298E58CE00AAC900 /* Extension */,
				85867E84298E58D500AAC900 /* Utility */,
				85867E7B298E575E00AAC900 /* Data */,
				85867E4D298E50E400AAC900 /* Assets.xcassets */,
				85867E4F298E50E400AAC900 /* Preview Content */,
			);
			path = Touchdown;
			sourceTree = "<group>";
		};
		85867E4F298E50E400AAC900 /* Preview Content */ = {
			isa = PBXGroup;
			children = (
				85867E50298E50E400AAC900 /* Preview Assets.xcassets */,
			);
			path = "Preview Content";
			sourceTree = "<group>";
		};
		85867E59298E50E400AAC900 /* TouchdownTests */ = {
			isa = PBXGroup;
			children = (
				85867E5A298E50E400AAC900 /* TouchdownTests.swift */,
			);
			path = TouchdownTests;
			sourceTree = "<group>";
		};
		85867E63298E50E400AAC900 /* TouchdownUITests */ = {
			isa = PBXGroup;
			children = (
				85867E64298E50E400AAC900 /* TouchdownUITests.swift */,
				85867E66298E50E400AAC900 /* TouchdownUITestsLaunchTests.swift */,
			);
			path = TouchdownUITests;
			sourceTree = "<group>";
		};
		85867E7B298E575E00AAC900 /* Data */ = {
			isa = PBXGroup;
			children = (
				85867E76298E572700AAC900 /* brand.json */,
				85867E73298E572700AAC900 /* category.json */,
				85867E74298E572700AAC900 /* player.json */,
				85867E75298E572700AAC900 /* product.json */,
			);
			path = Data;
			sourceTree = "<group>";
		};
		85867E7E298E588E00AAC900 /* App */ = {
			isa = PBXGroup;
			children = (
				85867E49298E50E300AAC900 /* TouchdownApp.swift */,
				85867E4B298E50E300AAC900 /* ContentView.swift */,
			);
			path = App;
			sourceTree = "<group>";
		};
		85867E7F298E589F00AAC900 /* View */ = {
			isa = PBXGroup;
			children = (
				85867E81298E58BC00AAC900 /* Home */,
				85867E80298E58B400AAC900 /* Detail */,
			);
			path = View;
			sourceTree = "<group>";
		};
		85867E80298E58B400AAC900 /* Detail */ = {
			isa = PBXGroup;
			children = (
			);
			path = Detail;
			sourceTree = "<group>";
		};
		85867E81298E58BC00AAC900 /* Home */ = {
			isa = PBXGroup;
			children = (
				85867E87298E5A1400AAC900 /* FooterView.swift */,
				85867E89298E5D4A00AAC900 /* NavigationBarView.swift */,
				85867E8C298E5E9100AAC900 /* LogoView.swift */,
				85ED2458298EAD67002A25E6 /* FeaturedItemView.swift */,
				85ED245A298EAE16002A25E6 /* FeaturedTabView.swift */,
			);
			path = Home;
			sourceTree = "<group>";
		};
		85867E82298E58C800AAC900 /* Model */ = {
			isa = PBXGroup;
			children = (
				85ED2454298EAAD0002A25E6 /* PlayerModel.swift */,
			);
			path = Model;
			sourceTree = "<group>";
		};
		85867E83298E58CE00AAC900 /* Extension */ = {
			isa = PBXGroup;
			children = (
				85ED2456298EAB17002A25E6 /* CodableBundleExtension.swift */,
			);
			path = Extension;
			sourceTree = "<group>";
		};
		85867E84298E58D500AAC900 /* Utility */ = {
			isa = PBXGroup;
			children = (
				85867E85298E591500AAC900 /* Constant.swift */,
			);
			path = Utility;
			sourceTree = "<group>";
		};
/* End PBXGroup section */

/* Begin PBXNativeTarget section */
		85867E45298E50E300AAC900 /* Touchdown */ = {
			isa = PBXNativeTarget;
			buildConfigurationList = 85867E6A298E50E400AAC900 /* Build configuration list for PBXNativeTarget "Touchdown" */;
			buildPhases = (
				85867E42298E50E300AAC900 /* Sources */,
				85867E43298E50E300AAC900 /* Frameworks */,
				85867E44298E50E300AAC900 /* Resources */,
			);
			buildRules = (
			);
			dependencies = (
			);
			name = Touchdown;
			productName = Touchdown;
			productReference = 85867E46298E50E300AAC900 /* Touchdown.app */;
			productType = "com.apple.product-type.application";
		};
		85867E55298E50E400AAC900 /* TouchdownTests */ = {
			isa = PBXNativeTarget;
			buildConfigurationList = 85867E6D298E50E400AAC900 /* Build configuration list for PBXNativeTarget "TouchdownTests" */;
			buildPhases = (
				85867E52298E50E400AAC900 /* Sources */,
				85867E53298E50E400AAC900 /* Frameworks */,
				85867E54298E50E400AAC900 /* Resources */,
			);
			buildRules = (
			);
			dependencies = (
				85867E58298E50E400AAC900 /* PBXTargetDependency */,
			);
			name = TouchdownTests;
			productName = TouchdownTests;
			productReference = 85867E56298E50E400AAC900 /* TouchdownTests.xctest */;
			productType = "com.apple.product-type.bundle.unit-test";
		};
		85867E5F298E50E400AAC900 /* TouchdownUITests */ = {
			isa = PBXNativeTarget;
			buildConfigurationList = 85867E70298E50E400AAC900 /* Build configuration list for PBXNativeTarget "TouchdownUITests" */;
			buildPhases = (
				85867E5C298E50E400AAC900 /* Sources */,
				85867E5D298E50E400AAC900 /* Frameworks */,
				85867E5E298E50E400AAC900 /* Resources */,
			);
			buildRules = (
			);
			dependencies = (
				85867E62298E50E400AAC900 /* PBXTargetDependency */,
			);
			name = TouchdownUITests;
			productName = TouchdownUITests;
			productReference = 85867E60298E50E400AAC900 /* TouchdownUITests.xctest */;
			productType = "com.apple.product-type.bundle.ui-testing";
		};
/* End PBXNativeTarget section */

/* Begin PBXProject section */
		85867E3E298E50E300AAC900 /* Project object */ = {
			isa = PBXProject;
			attributes = {
				BuildIndependentTargetsInParallel = 1;
				LastSwiftUpdateCheck = 1420;
				LastUpgradeCheck = 1420;
				TargetAttributes = {
					85867E45298E50E300AAC900 = {
						CreatedOnToolsVersion = 14.2;
					};
					85867E55298E50E400AAC900 = {
						CreatedOnToolsVersion = 14.2;
						TestTargetID = 85867E45298E50E300AAC900;
					};
					85867E5F298E50E400AAC900 = {
						CreatedOnToolsVersion = 14.2;
						TestTargetID = 85867E45298E50E300AAC900;
					};
				};
			};
			buildConfigurationList = 85867E41298E50E300AAC900 /* Build configuration list for PBXProject "Touchdown" */;
			compatibilityVersion = "Xcode 14.0";
			developmentRegion = en;
			hasScannedForEncodings = 0;
			knownRegions = (
				en,
				Base,
			);
			mainGroup = 85867E3D298E50E300AAC900;
			productRefGroup = 85867E47298E50E300AAC900 /* Products */;
			projectDirPath = "";
			projectRoot = "";
			targets = (
				85867E45298E50E300AAC900 /* Touchdown */,
				85867E55298E50E400AAC900 /* TouchdownTests */,
				85867E5F298E50E400AAC900 /* TouchdownUITests */,
			);
		};
/* End PBXProject section */

/* Begin PBXResourcesBuildPhase section */
		85867E44298E50E300AAC900 /* Resources */ = {
			isa = PBXResourcesBuildPhase;
			buildActionMask = 2147483647;
			files = (
				85867E78298E572700AAC900 /* player.json in Resources */,
				85867E77298E572700AAC900 /* category.json in Resources */,
				85867E51298E50E400AAC900 /* Preview Assets.xcassets in Resources */,
				85867E4E298E50E400AAC900 /* Assets.xcassets in Resources */,
				85867E79298E572700AAC900 /* product.json in Resources */,
				85867E7A298E572700AAC900 /* brand.json in Resources */,
			);
			runOnlyForDeploymentPostprocessing = 0;
		};
		85867E54298E50E400AAC900 /* Resources */ = {
			isa = PBXResourcesBuildPhase;
			buildActionMask = 2147483647;
			files = (
			);
			runOnlyForDeploymentPostprocessing = 0;
		};
		85867E5E298E50E400AAC900 /* Resources */ = {
			isa = PBXResourcesBuildPhase;
			buildActionMask = 2147483647;
			files = (
			);
			runOnlyForDeploymentPostprocessing = 0;
		};
/* End PBXResourcesBuildPhase section */

/* Begin PBXSourcesBuildPhase section */
		85867E42298E50E300AAC900 /* Sources */ = {
			isa = PBXSourcesBuildPhase;
			buildActionMask = 2147483647;
			files = (
				85ED2457298EAB17002A25E6 /* CodableBundleExtension.swift in Sources */,
				85867E4C298E50E300AAC900 /* ContentView.swift in Sources */,
				85867E8D298E5E9100AAC900 /* LogoView.swift in Sources */,
				85867E88298E5A1400AAC900 /* FooterView.swift in Sources */,
				85ED2459298EAD67002A25E6 /* FeaturedItemView.swift in Sources */,
				85867E4A298E50E300AAC900 /* TouchdownApp.swift in Sources */,
				85867E86298E591500AAC900 /* Constant.swift in Sources */,
				85867E8A298E5D4A00AAC900 /* NavigationBarView.swift in Sources */,
				85ED245B298EAE16002A25E6 /* FeaturedTabView.swift in Sources */,
				85ED2455298EAAD0002A25E6 /* PlayerModel.swift in Sources */,
			);
			runOnlyForDeploymentPostprocessing = 0;
		};
		85867E52298E50E400AAC900 /* Sources */ = {
			isa = PBXSourcesBuildPhase;
			buildActionMask = 2147483647;
			files = (
				85867E5B298E50E400AAC900 /* TouchdownTests.swift in Sources */,
			);
			runOnlyForDeploymentPostprocessing = 0;
		};
		85867E5C298E50E400AAC900 /* Sources */ = {
			isa = PBXSourcesBuildPhase;
			buildActionMask = 2147483647;
			files = (
				85867E67298E50E400AAC900 /* TouchdownUITestsLaunchTests.swift in Sources */,
				85867E65298E50E400AAC900 /* TouchdownUITests.swift in Sources */,
			);
			runOnlyForDeploymentPostprocessing = 0;
		};
/* End PBXSourcesBuildPhase section */

/* Begin PBXTargetDependency section */
		85867E58298E50E400AAC900 /* PBXTargetDependency */ = {
			isa = PBXTargetDependency;
			target = 85867E45298E50E300AAC900 /* Touchdown */;
			targetProxy = 85867E57298E50E400AAC900 /* PBXContainerItemProxy */;
		};
		85867E62298E50E400AAC900 /* PBXTargetDependency */ = {
			isa = PBXTargetDependency;
			target = 85867E45298E50E300AAC900 /* Touchdown */;
			targetProxy = 85867E61298E50E400AAC900 /* PBXContainerItemProxy */;
		};
/* End PBXTargetDependency section */

/* Begin XCBuildConfiguration section */
		85867E68298E50E400AAC900 /* Debug */ = {
			isa = XCBuildConfiguration;
			buildSettings = {
				ALWAYS_SEARCH_USER_PATHS = NO;
				CLANG_ANALYZER_NONNULL = YES;
				CLANG_ANALYZER_NUMBER_OBJECT_CONVERSION = YES_AGGRESSIVE;
				CLANG_CXX_LANGUAGE_STANDARD = "gnu++20";
				CLANG_ENABLE_MODULES = YES;
				CLANG_ENABLE_OBJC_ARC = YES;
				CLANG_ENABLE_OBJC_WEAK = YES;
				CLANG_WARN_BLOCK_CAPTURE_AUTORELEASING = YES;
				CLANG_WARN_BOOL_CONVERSION = YES;
				CLANG_WARN_COMMA = YES;
				CLANG_WARN_CONSTANT_CONVERSION = YES;
				CLANG_WARN_DEPRECATED_OBJC_IMPLEMENTATIONS = YES;
				CLANG_WARN_DIRECT_OBJC_ISA_USAGE = YES_ERROR;
				CLANG_WARN_DOCUMENTATION_COMMENTS = YES;
				CLANG_WARN_EMPTY_BODY = YES;
				CLANG_WARN_ENUM_CONVERSION = YES;
				CLANG_WARN_INFINITE_RECURSION = YES;
				CLANG_WARN_INT_CONVERSION = YES;
				CLANG_WARN_NON_LITERAL_NULL_CONVERSION = YES;
				CLANG_WARN_OBJC_IMPLICIT_RETAIN_SELF = YES;
				CLANG_WARN_OBJC_LITERAL_CONVERSION = YES;
				CLANG_WARN_OBJC_ROOT_CLASS = YES_ERROR;
				CLANG_WARN_QUOTED_INCLUDE_IN_FRAMEWORK_HEADER = YES;
				CLANG_WARN_RANGE_LOOP_ANALYSIS = YES;
				CLANG_WARN_STRICT_PROTOTYPES = YES;
				CLANG_WARN_SUSPICIOUS_MOVE = YES;
				CLANG_WARN_UNGUARDED_AVAILABILITY = YES_AGGRESSIVE;
				CLANG_WARN_UNREACHABLE_CODE = YES;
				CLANG_WARN__DUPLICATE_METHOD_MATCH = YES;
				COPY_PHASE_STRIP = NO;
				DEBUG_INFORMATION_FORMAT = dwarf;
				ENABLE_STRICT_OBJC_MSGSEND = YES;
				ENABLE_TESTABILITY = YES;
				GCC_C_LANGUAGE_STANDARD = gnu11;
				GCC_DYNAMIC_NO_PIC = NO;
				GCC_NO_COMMON_BLOCKS = YES;
				GCC_OPTIMIZATION_LEVEL = 0;
				GCC_PREPROCESSOR_DEFINITIONS = (
					"DEBUG=1",
					"$(inherited)",
				);
				GCC_WARN_64_TO_32_BIT_CONVERSION = YES;
				GCC_WARN_ABOUT_RETURN_TYPE = YES_ERROR;
				GCC_WARN_UNDECLARED_SELECTOR = YES;
				GCC_WARN_UNINITIALIZED_AUTOS = YES_AGGRESSIVE;
				GCC_WARN_UNUSED_FUNCTION = YES;
				GCC_WARN_UNUSED_VARIABLE = YES;
				IPHONEOS_DEPLOYMENT_TARGET = 16.2;
				MTL_ENABLE_DEBUG_INFO = INCLUDE_SOURCE;
				MTL_FAST_MATH = YES;
				ONLY_ACTIVE_ARCH = YES;
				SDKROOT = iphoneos;
				SWIFT_ACTIVE_COMPILATION_CONDITIONS = DEBUG;
				SWIFT_OPTIMIZATION_LEVEL = "-Onone";
			};
			name = Debug;
		};
		85867E69298E50E400AAC900 /* Release */ = {
			isa = XCBuildConfiguration;
			buildSettings = {
				ALWAYS_SEARCH_USER_PATHS = NO;
				CLANG_ANALYZER_NONNULL = YES;
				CLANG_ANALYZER_NUMBER_OBJECT_CONVERSION = YES_AGGRESSIVE;
				CLANG_CXX_LANGUAGE_STANDARD = "gnu++20";
				CLANG_ENABLE_MODULES = YES;
				CLANG_ENABLE_OBJC_ARC = YES;
				CLANG_ENABLE_OBJC_WEAK = YES;
				CLANG_WARN_BLOCK_CAPTURE_AUTORELEASING = YES;
				CLANG_WARN_BOOL_CONVERSION = YES;
				CLANG_WARN_COMMA = YES;
				CLANG_WARN_CONSTANT_CONVERSION = YES;
				CLANG_WARN_DEPRECATED_OBJC_IMPLEMENTATIONS = YES;
				CLANG_WARN_DIRECT_OBJC_ISA_USAGE = YES_ERROR;
				CLANG_WARN_DOCUMENTATION_COMMENTS = YES;
				CLANG_WARN_EMPTY_BODY = YES;
				CLANG_WARN_ENUM_CONVERSION = YES;
				CLANG_WARN_INFINITE_RECURSION = YES;
				CLANG_WARN_INT_CONVERSION = YES;
				CLANG_WARN_NON_LITERAL_NULL_CONVERSION = YES;
				CLANG_WARN_OBJC_IMPLICIT_RETAIN_SELF = YES;
				CLANG_WARN_OBJC_LITERAL_CONVERSION = YES;
				CLANG_WARN_OBJC_ROOT_CLASS = YES_ERROR;
				CLANG_WARN_QUOTED_INCLUDE_IN_FRAMEWORK_HEADER = YES;
				CLANG_WARN_RANGE_LOOP_ANALYSIS = YES;
				CLANG_WARN_STRICT_PROTOTYPES = YES;
				CLANG_WARN_SUSPICIOUS_MOVE = YES;
				CLANG_WARN_UNGUARDED_AVAILABILITY = YES_AGGRESSIVE;
				CLANG_WARN_UNREACHABLE_CODE = YES;
				CLANG_WARN__DUPLICATE_METHOD_MATCH = YES;
				COPY_PHASE_STRIP = NO;
				DEBUG_INFORMATION_FORMAT = "dwarf-with-dsym";
				ENABLE_NS_ASSERTIONS = NO;
				ENABLE_STRICT_OBJC_MSGSEND = YES;
				GCC_C_LANGUAGE_STANDARD = gnu11;
				GCC_NO_COMMON_BLOCKS = YES;
				GCC_WARN_64_TO_32_BIT_CONVERSION = YES;
				GCC_WARN_ABOUT_RETURN_TYPE = YES_ERROR;
				GCC_WARN_UNDECLARED_SELECTOR = YES;
				GCC_WARN_UNINITIALIZED_AUTOS = YES_AGGRESSIVE;
				GCC_WARN_UNUSED_FUNCTION = YES;
				GCC_WARN_UNUSED_VARIABLE = YES;
				IPHONEOS_DEPLOYMENT_TARGET = 16.2;
				MTL_ENABLE_DEBUG_INFO = NO;
				MTL_FAST_MATH = YES;
				SDKROOT = iphoneos;
				SWIFT_COMPILATION_MODE = wholemodule;
				SWIFT_OPTIMIZATION_LEVEL = "-O";
				VALIDATE_PRODUCT = YES;
			};
			name = Release;
		};
		85867E6B298E50E400AAC900 /* Debug */ = {
			isa = XCBuildConfiguration;
			buildSettings = {
				ASSETCATALOG_COMPILER_APPICON_NAME = AppIcon;
				ASSETCATALOG_COMPILER_GLOBAL_ACCENT_COLOR_NAME = AccentColor;
				CODE_SIGN_STYLE = Automatic;
				CURRENT_PROJECT_VERSION = 1;
				DEVELOPMENT_ASSET_PATHS = "\"Touchdown/Preview Content\"";
				ENABLE_PREVIEWS = YES;
				GENERATE_INFOPLIST_FILE = YES;
				INFOPLIST_FILE = Touchdown/Info.plist;
				INFOPLIST_KEY_UIApplicationSceneManifest_Generation = YES;
				INFOPLIST_KEY_UIApplicationSupportsIndirectInputEvents = YES;
				INFOPLIST_KEY_UISupportedInterfaceOrientations = UIInterfaceOrientationPortrait;
				INFOPLIST_KEY_UISupportedInterfaceOrientations_iPad = "UIInterfaceOrientationLandscapeLeft UIInterfaceOrientationLandscapeRight UIInterfaceOrientationPortrait";
				INFOPLIST_KEY_UIUserInterfaceStyle = Light;
				LD_RUNPATH_SEARCH_PATHS = (
					"$(inherited)",
					"@executable_path/Frameworks",
				);
				MARKETING_VERSION = 1.0;
				PRODUCT_BUNDLE_IDENTIFIER = orlandomoraesmartins.Touchdown;
				PRODUCT_NAME = "$(TARGET_NAME)";
				SWIFT_EMIT_LOC_STRINGS = YES;
				SWIFT_VERSION = 5.0;
				TARGETED_DEVICE_FAMILY = "1,2";
			};
			name = Debug;
		};
		85867E6C298E50E400AAC900 /* Release */ = {
			isa = XCBuildConfiguration;
			buildSettings = {
				ASSETCATALOG_COMPILER_APPICON_NAME = AppIcon;
				ASSETCATALOG_COMPILER_GLOBAL_ACCENT_COLOR_NAME = AccentColor;
				CODE_SIGN_STYLE = Automatic;
				CURRENT_PROJECT_VERSION = 1;
				DEVELOPMENT_ASSET_PATHS = "\"Touchdown/Preview Content\"";
				ENABLE_PREVIEWS = YES;
				GENERATE_INFOPLIST_FILE = YES;
				INFOPLIST_FILE = Touchdown/Info.plist;
				INFOPLIST_KEY_UIApplicationSceneManifest_Generation = YES;
				INFOPLIST_KEY_UIApplicationSupportsIndirectInputEvents = YES;
				INFOPLIST_KEY_UISupportedInterfaceOrientations = UIInterfaceOrientationPortrait;
				INFOPLIST_KEY_UISupportedInterfaceOrientations_iPad = "UIInterfaceOrientationLandscapeLeft UIInterfaceOrientationLandscapeRight UIInterfaceOrientationPortrait";
				INFOPLIST_KEY_UIUserInterfaceStyle = Light;
				LD_RUNPATH_SEARCH_PATHS = (
					"$(inherited)",
					"@executable_path/Frameworks",
				);
				MARKETING_VERSION = 1.0;
				PRODUCT_BUNDLE_IDENTIFIER = orlandomoraesmartins.Touchdown;
				PRODUCT_NAME = "$(TARGET_NAME)";
				SWIFT_EMIT_LOC_STRINGS = YES;
				SWIFT_VERSION = 5.0;
				TARGETED_DEVICE_FAMILY = "1,2";
			};
			name = Release;
		};
		85867E6E298E50E400AAC900 /* Debug */ = {
			isa = XCBuildConfiguration;
			buildSettings = {
				ALWAYS_EMBED_SWIFT_STANDARD_LIBRARIES = YES;
				BUNDLE_LOADER = "$(TEST_HOST)";
				CODE_SIGN_STYLE = Automatic;
				CURRENT_PROJECT_VERSION = 1;
				GENERATE_INFOPLIST_FILE = YES;
				IPHONEOS_DEPLOYMENT_TARGET = 16.2;
				MARKETING_VERSION = 1.0;
				PRODUCT_BUNDLE_IDENTIFIER = orlandomoraesmartins.TouchdownTests;
				PRODUCT_NAME = "$(TARGET_NAME)";
				SWIFT_EMIT_LOC_STRINGS = NO;
				SWIFT_VERSION = 5.0;
				TARGETED_DEVICE_FAMILY = "1,2";
				TEST_HOST = "$(BUILT_PRODUCTS_DIR)/Touchdown.app/$(BUNDLE_EXECUTABLE_FOLDER_PATH)/Touchdown";
			};
			name = Debug;
		};
		85867E6F298E50E400AAC900 /* Release */ = {
			isa = XCBuildConfiguration;
			buildSettings = {
				ALWAYS_EMBED_SWIFT_STANDARD_LIBRARIES = YES;
				BUNDLE_LOADER = "$(TEST_HOST)";
				CODE_SIGN_STYLE = Automatic;
				CURRENT_PROJECT_VERSION = 1;
				GENERATE_INFOPLIST_FILE = YES;
				IPHONEOS_DEPLOYMENT_TARGET = 16.2;
				MARKETING_VERSION = 1.0;
				PRODUCT_BUNDLE_IDENTIFIER = orlandomoraesmartins.TouchdownTests;
				PRODUCT_NAME = "$(TARGET_NAME)";
				SWIFT_EMIT_LOC_STRINGS = NO;
				SWIFT_VERSION = 5.0;
				TARGETED_DEVICE_FAMILY = "1,2";
				TEST_HOST = "$(BUILT_PRODUCTS_DIR)/Touchdown.app/$(BUNDLE_EXECUTABLE_FOLDER_PATH)/Touchdown";
			};
			name = Release;
		};
		85867E71298E50E400AAC900 /* Debug */ = {
			isa = XCBuildConfiguration;
			buildSettings = {
				ALWAYS_EMBED_SWIFT_STANDARD_LIBRARIES = YES;
				CODE_SIGN_STYLE = Automatic;
				CURRENT_PROJECT_VERSION = 1;
				GENERATE_INFOPLIST_FILE = YES;
				MARKETING_VERSION = 1.0;
				PRODUCT_BUNDLE_IDENTIFIER = orlandomoraesmartins.TouchdownUITests;
				PRODUCT_NAME = "$(TARGET_NAME)";
				SWIFT_EMIT_LOC_STRINGS = NO;
				SWIFT_VERSION = 5.0;
				TARGETED_DEVICE_FAMILY = "1,2";
				TEST_TARGET_NAME = Touchdown;
			};
			name = Debug;
		};
		85867E72298E50E400AAC900 /* Release */ = {
			isa = XCBuildConfiguration;
			buildSettings = {
				ALWAYS_EMBED_SWIFT_STANDARD_LIBRARIES = YES;
				CODE_SIGN_STYLE = Automatic;
				CURRENT_PROJECT_VERSION = 1;
				GENERATE_INFOPLIST_FILE = YES;
				MARKETING_VERSION = 1.0;
				PRODUCT_BUNDLE_IDENTIFIER = orlandomoraesmartins.TouchdownUITests;
				PRODUCT_NAME = "$(TARGET_NAME)";
				SWIFT_EMIT_LOC_STRINGS = NO;
				SWIFT_VERSION = 5.0;
				TARGETED_DEVICE_FAMILY = "1,2";
				TEST_TARGET_NAME = Touchdown;
			};
			name = Release;
		};
/* End XCBuildConfiguration section */

/* Begin XCConfigurationList section */
		85867E41298E50E300AAC900 /* Build configuration list for PBXProject "Touchdown" */ = {
			isa = XCConfigurationList;
			buildConfigurations = (
				85867E68298E50E400AAC900 /* Debug */,
				85867E69298E50E400AAC900 /* Release */,
			);
			defaultConfigurationIsVisible = 0;
			defaultConfigurationName = Release;
		};
		85867E6A298E50E400AAC900 /* Build configuration list for PBXNativeTarget "Touchdown" */ = {
			isa = XCConfigurationList;
			buildConfigurations = (
				85867E6B298E50E400AAC900 /* Debug */,
				85867E6C298E50E400AAC900 /* Release */,
			);
			defaultConfigurationIsVisible = 0;
			defaultConfigurationName = Release;
		};
		85867E6D298E50E400AAC900 /* Build configuration list for PBXNativeTarget "TouchdownTests" */ = {
			isa = XCConfigurationList;
			buildConfigurations = (
				85867E6E298E50E400AAC900 /* Debug */,
				85867E6F298E50E400AAC900 /* Release */,
			);
			defaultConfigurationIsVisible = 0;
			defaultConfigurationName = Release;
		};
		85867E70298E50E400AAC900 /* Build configuration list for PBXNativeTarget "TouchdownUITests" */ = {
			isa = XCConfigurationList;
			buildConfigurations = (
				85867E71298E50E400AAC900 /* Debug */,
				85867E72298E50E400AAC900 /* Release */,
			);
			defaultConfigurationIsVisible = 0;
			defaultConfigurationName = Release;
		};
/* End XCConfigurationList section */
	};
	rootObject = 85867E3E298E50E300AAC900 /* Project object */;
}
